<Solution>
  <Project Path="Assembly-CSharp.csproj" />
  <Project Path="LeanPool.csproj" />
  <Project Path="CW.Common.csproj" />
  <Project Path="SimpleFileBrowser.Runtime.csproj" />
  <Project Path="LeanTouch.csproj" />
  <Project Path="LeanCommon.csproj" />
  <Project Path="Assembly-CSharp-Editor.csproj" />
  <Project Path="Assembly-CSharp-firstpass.csproj" />
</Solution>
